// !$*UTF8*$!
{
	archiveVersion = 1;
	classes = {
	};
	objectVersion = 46;
	objects = {

/* Begin PBXBuildFile section */
		496B21761D31195E009EAD71 /* SynopsisViewController.swift in Sources */ = {isa = PBXBuildFile; fileRef = 496B21751D31195E009EAD71 /* SynopsisViewController.swift */; };
		496B21791D313251009EAD71 /* NetworkManager.swift in Sources */ = {isa = PBXBuildFile; fileRef = 496B21781D313251009EAD71 /* NetworkManager.swift */; };
		496B217C1D31414A009EAD71 /* SoundCircle.swift in Sources */ = {isa = PBXBuildFile; fileRef = 496B217B1D31414A009EAD71 /* SoundCircle.swift */; };
		496B217F1D316A06009EAD71 /* StringHelpers.swift in Sources */ = {isa = PBXBuildFile; fileRef = 496B217E1D316A06009EAD71 /* StringHelpers.swift */; };
		49C9F9181D3042DD00CCA9B6 /* RecorderViewController.swift in Sources */ = {isa = PBXBuildFile; fileRef = 49C9F9171D3042DD00CCA9B6 /* RecorderViewController.swift */; };
		49D568961D3247CC00E99BAB /* MaziUITextField.swift in Sources */ = {isa = PBXBuildFile; fileRef = 49D568951D3247CC00E99BAB /* MaziUITextField.swift */; };
		49D568981D324F5B00E99BAB /* MaziStyle.swift in Sources */ = {isa = PBXBuildFile; fileRef = 49D568971D324F5B00E99BAB /* MaziStyle.swift */; };
		49D5689A1D32511400E99BAB /* MaziUILabel.swift in Sources */ = {isa = PBXBuildFile; fileRef = 49D568991D32511400E99BAB /* MaziUILabel.swift */; };
		49D5689C1D326A0300E99BAB /* MaziUITextView.swift in Sources */ = {isa = PBXBuildFile; fileRef = 49D5689B1D326A0300E99BAB /* MaziUITextView.swift */; };
		49D5689E1D3272DC00E99BAB /* MaziUIButton.swift in Sources */ = {isa = PBXBuildFile; fileRef = 49D5689D1D3272DC00E99BAB /* MaziUIButton.swift */; };
		49D568A01D32750100E99BAB /* Extensions.swift in Sources */ = {isa = PBXBuildFile; fileRef = 49D5689F1D32750100E99BAB /* Extensions.swift */; };
		EC3A9C5E8F610FAE805292DB /* Pods_MaziRecorder.framework in Frameworks */ = {isa = PBXBuildFile; fileRef = 8149A2B55EFD3E58ED95E4D3 /* Pods_MaziRecorder.framework */; };
		FCCDE1B31D30285600E156A5 /* AppDelegate.swift in Sources */ = {isa = PBXBuildFile; fileRef = FCCDE1B21D30285600E156A5 /* AppDelegate.swift */; };
		FCCDE1B51D30285600E156A5 /* ViewController.swift in Sources */ = {isa = PBXBuildFile; fileRef = FCCDE1B41D30285600E156A5 /* ViewController.swift */; };
		FCCDE1B81D30285600E156A5 /* Main.storyboard in Resources */ = {isa = PBXBuildFile; fileRef = FCCDE1B61D30285600E156A5 /* Main.storyboard */; };
		FCCDE1BA1D30285600E156A5 /* Assets.xcassets in Resources */ = {isa = PBXBuildFile; fileRef = FCCDE1B91D30285600E156A5 /* Assets.xcassets */; };
		FCCDE1BD1D30285600E156A5 /* LaunchScreen.storyboard in Resources */ = {isa = PBXBuildFile; fileRef = FCCDE1BB1D30285600E156A5 /* LaunchScreen.storyboard */; };
		FCCDE1C51D3034B700E156A5 /* QuestionsListViewController.swift in Sources */ = {isa = PBXBuildFile; fileRef = FCCDE1C41D3034B700E156A5 /* QuestionsListViewController.swift */; };
		FCCDE1C81D30459300E156A5 /* Interview.swift in Sources */ = {isa = PBXBuildFile; fileRef = FCCDE1C71D30459300E156A5 /* Interview.swift */; };
		FCCDE1CA1D30475200E156A5 /* Attachment.swift in Sources */ = {isa = PBXBuildFile; fileRef = FCCDE1C91D30475200E156A5 /* Attachment.swift */; };
		FCCDE1CC1D30484A00E156A5 /* InterviewStore.swift in Sources */ = {isa = PBXBuildFile; fileRef = FCCDE1CB1D30484A00E156A5 /* InterviewStore.swift */; };
/* End PBXBuildFile section */

/* Begin PBXFileReference section */
		496B21751D31195E009EAD71 /* SynopsisViewController.swift */ = {isa = PBXFileReference; fileEncoding = 4; lastKnownFileType = sourcecode.swift; path = SynopsisViewController.swift; sourceTree = "<group>"; };
		496B21781D313251009EAD71 /* NetworkManager.swift */ = {isa = PBXFileReference; fileEncoding = 4; lastKnownFileType = sourcecode.swift; path = NetworkManager.swift; sourceTree = "<group>"; };
		496B217B1D31414A009EAD71 /* SoundCircle.swift */ = {isa = PBXFileReference; fileEncoding = 4; lastKnownFileType = sourcecode.swift; path = SoundCircle.swift; sourceTree = "<group>"; };
		496B217E1D316A06009EAD71 /* StringHelpers.swift */ = {isa = PBXFileReference; fileEncoding = 4; lastKnownFileType = sourcecode.swift; path = StringHelpers.swift; sourceTree = "<group>"; };
		49C9F9171D3042DD00CCA9B6 /* RecorderViewController.swift */ = {isa = PBXFileReference; fileEncoding = 4; lastKnownFileType = sourcecode.swift; path = RecorderViewController.swift; sourceTree = "<group>"; };
		49D568951D3247CC00E99BAB /* MaziUITextField.swift */ = {isa = PBXFileReference; fileEncoding = 4; lastKnownFileType = sourcecode.swift; path = MaziUITextField.swift; sourceTree = "<group>"; };
		49D568971D324F5B00E99BAB /* MaziStyle.swift */ = {isa = PBXFileReference; fileEncoding = 4; lastKnownFileType = sourcecode.swift; path = MaziStyle.swift; sourceTree = "<group>"; };
		49D568991D32511400E99BAB /* MaziUILabel.swift */ = {isa = PBXFileReference; fileEncoding = 4; lastKnownFileType = sourcecode.swift; path = MaziUILabel.swift; sourceTree = "<group>"; };
		49D5689B1D326A0300E99BAB /* MaziUITextView.swift */ = {isa = PBXFileReference; fileEncoding = 4; lastKnownFileType = sourcecode.swift; path = MaziUITextView.swift; sourceTree = "<group>"; };
		49D5689D1D3272DC00E99BAB /* MaziUIButton.swift */ = {isa = PBXFileReference; fileEncoding = 4; lastKnownFileType = sourcecode.swift; path = MaziUIButton.swift; sourceTree = "<group>"; };
		49D5689F1D32750100E99BAB /* Extensions.swift */ = {isa = PBXFileReference; fileEncoding = 4; lastKnownFileType = sourcecode.swift; path = Extensions.swift; sourceTree = "<group>"; };
		7D9854E607C33CA6B09B37EE /* Pods-MaziRecorder.release.xcconfig */ = {isa = PBXFileReference; includeInIndex = 1; lastKnownFileType = text.xcconfig; name = "Pods-MaziRecorder.release.xcconfig"; path = "Pods/Target Support Files/Pods-MaziRecorder/Pods-MaziRecorder.release.xcconfig"; sourceTree = "<group>"; };
		8149A2B55EFD3E58ED95E4D3 /* Pods_MaziRecorder.framework */ = {isa = PBXFileReference; explicitFileType = wrapper.framework; includeInIndex = 0; path = Pods_MaziRecorder.framework; sourceTree = BUILT_PRODUCTS_DIR; };
		8B143F8B87290129FB0514AE /* Pods-MaziRecorder.debug.xcconfig */ = {isa = PBXFileReference; includeInIndex = 1; lastKnownFileType = text.xcconfig; name = "Pods-MaziRecorder.debug.xcconfig"; path = "Pods/Target Support Files/Pods-MaziRecorder/Pods-MaziRecorder.debug.xcconfig"; sourceTree = "<group>"; };
		FCCDE1AF1D30285600E156A5 /* MaziRecorder.app */ = {isa = PBXFileReference; explicitFileType = wrapper.application; includeInIndex = 0; path = MaziRecorder.app; sourceTree = BUILT_PRODUCTS_DIR; };
		FCCDE1B21D30285600E156A5 /* AppDelegate.swift */ = {isa = PBXFileReference; lastKnownFileType = sourcecode.swift; path = AppDelegate.swift; sourceTree = "<group>"; };
		FCCDE1B41D30285600E156A5 /* ViewController.swift */ = {isa = PBXFileReference; lastKnownFileType = sourcecode.swift; path = ViewController.swift; sourceTree = "<group>"; };
		FCCDE1B71D30285600E156A5 /* Base */ = {isa = PBXFileReference; lastKnownFileType = file.storyboard; name = Base; path = Base.lproj/Main.storyboard; sourceTree = "<group>"; };
		FCCDE1B91D30285600E156A5 /* Assets.xcassets */ = {isa = PBXFileReference; lastKnownFileType = folder.assetcatalog; path = Assets.xcassets; sourceTree = "<group>"; };
		FCCDE1BC1D30285600E156A5 /* Base */ = {isa = PBXFileReference; lastKnownFileType = file.storyboard; name = Base; path = Base.lproj/LaunchScreen.storyboard; sourceTree = "<group>"; };
		FCCDE1BE1D30285600E156A5 /* Info.plist */ = {isa = PBXFileReference; lastKnownFileType = text.plist.xml; path = Info.plist; sourceTree = "<group>"; };
		FCCDE1C41D3034B700E156A5 /* QuestionsListViewController.swift */ = {isa = PBXFileReference; fileEncoding = 4; lastKnownFileType = sourcecode.swift; path = QuestionsListViewController.swift; sourceTree = "<group>"; };
		FCCDE1C71D30459300E156A5 /* Interview.swift */ = {isa = PBXFileReference; fileEncoding = 4; lastKnownFileType = sourcecode.swift; path = Interview.swift; sourceTree = "<group>"; };
		FCCDE1C91D30475200E156A5 /* Attachment.swift */ = {isa = PBXFileReference; fileEncoding = 4; lastKnownFileType = sourcecode.swift; path = Attachment.swift; sourceTree = "<group>"; };
		FCCDE1CB1D30484A00E156A5 /* InterviewStore.swift */ = {isa = PBXFileReference; fileEncoding = 4; lastKnownFileType = sourcecode.swift; path = InterviewStore.swift; sourceTree = "<group>"; };
/* End PBXFileReference section */

/* Begin PBXFrameworksBuildPhase section */
		FCCDE1AC1D30285600E156A5 /* Frameworks */ = {
			isa = PBXFrameworksBuildPhase;
			buildActionMask = 2147483647;
			files = (
				EC3A9C5E8F610FAE805292DB /* Pods_MaziRecorder.framework in Frameworks */,
			);
			runOnlyForDeploymentPostprocessing = 0;
		};
/* End PBXFrameworksBuildPhase section */

/* Begin PBXGroup section */
		496B21771D313230009EAD71 /* Networking */ = {
			isa = PBXGroup;
			children = (
				496B21781D313251009EAD71 /* NetworkManager.swift */,
			);
			name = Networking;
			sourceTree = "<group>";
		};
		496B217A1D314129009EAD71 /* CustomViews */ = {
			isa = PBXGroup;
			children = (
				496B217B1D31414A009EAD71 /* SoundCircle.swift */,
				49D568951D3247CC00E99BAB /* MaziUITextField.swift */,
				49D568971D324F5B00E99BAB /* MaziStyle.swift */,
				49D568991D32511400E99BAB /* MaziUILabel.swift */,
				49D5689B1D326A0300E99BAB /* MaziUITextView.swift */,
				49D5689D1D3272DC00E99BAB /* MaziUIButton.swift */,
			);
			name = CustomViews;
			sourceTree = "<group>";
		};
		496B217D1D3169F0009EAD71 /* Helpers */ = {
			isa = PBXGroup;
			children = (
				496B217E1D316A06009EAD71 /* StringHelpers.swift */,
				49D5689F1D32750100E99BAB /* Extensions.swift */,
			);
			name = Helpers;
			sourceTree = "<group>";
		};
		9B3D55EC77A992D2DED2E3C4 /* Pods */ = {
			isa = PBXGroup;
			children = (
				8B143F8B87290129FB0514AE /* Pods-MaziRecorder.debug.xcconfig */,
				7D9854E607C33CA6B09B37EE /* Pods-MaziRecorder.release.xcconfig */,
			);
			name = Pods;
			sourceTree = "<group>";
		};
		DC9CCB0F3C6984A471232B37 /* Frameworks */ = {
			isa = PBXGroup;
			children = (
				8149A2B55EFD3E58ED95E4D3 /* Pods_MaziRecorder.framework */,
			);
			name = Frameworks;
			sourceTree = "<group>";
		};
		FCCDE1A61D30285600E156A5 = {
			isa = PBXGroup;
			children = (
				FCCDE1B11D30285600E156A5 /* MaziRecorder */,
				FCCDE1B01D30285600E156A5 /* Products */,
				9B3D55EC77A992D2DED2E3C4 /* Pods */,
				DC9CCB0F3C6984A471232B37 /* Frameworks */,
			);
			sourceTree = "<group>";
		};
		FCCDE1B01D30285600E156A5 /* Products */ = {
			isa = PBXGroup;
			children = (
				FCCDE1AF1D30285600E156A5 /* MaziRecorder.app */,
			);
			name = Products;
			sourceTree = "<group>";
		};
		FCCDE1B11D30285600E156A5 /* MaziRecorder */ = {
			isa = PBXGroup;
			children = (
				496B217D1D3169F0009EAD71 /* Helpers */,
				496B217A1D314129009EAD71 /* CustomViews */,
				496B21771D313230009EAD71 /* Networking */,
				FCCDE1C61D30458700E156A5 /* Model */,
				FCCDE1B21D30285600E156A5 /* AppDelegate.swift */,
				FCCDE1B91D30285600E156A5 /* Assets.xcassets */,
				FCCDE1BE1D30285600E156A5 /* Info.plist */,
				FCCDE1BB1D30285600E156A5 /* LaunchScreen.storyboard */,
				FCCDE1B61D30285600E156A5 /* Main.storyboard */,
				FCCDE1C41D3034B700E156A5 /* QuestionsListViewController.swift */,
				49C9F9171D3042DD00CCA9B6 /* RecorderViewController.swift */,
				FCCDE1B41D30285600E156A5 /* ViewController.swift */,
				496B21751D31195E009EAD71 /* SynopsisViewController.swift */,
			);
			path = MaziRecorder;
			sourceTree = "<group>";
		};
		FCCDE1C61D30458700E156A5 /* Model */ = {
			isa = PBXGroup;
			children = (
				FCCDE1C91D30475200E156A5 /* Attachment.swift */,
				FCCDE1C71D30459300E156A5 /* Interview.swift */,
				FCCDE1CB1D30484A00E156A5 /* InterviewStore.swift */,
			);
			name = Model;
			sourceTree = "<group>";
		};
/* End PBXGroup section */

/* Begin PBXNativeTarget section */
		FCCDE1AE1D30285600E156A5 /* MaziRecorder */ = {
			isa = PBXNativeTarget;
			buildConfigurationList = FCCDE1C11D30285600E156A5 /* Build configuration list for PBXNativeTarget "MaziRecorder" */;
			buildPhases = (
				4F8243D7EF26CA27ABE3098D /* [CP] Check Pods Manifest.lock */,
				FCCDE1AB1D30285600E156A5 /* Sources */,
				FCCDE1AC1D30285600E156A5 /* Frameworks */,
				FCCDE1AD1D30285600E156A5 /* Resources */,
				2271DB530B662B7BA2B46778 /* [CP] Embed Pods Frameworks */,
				3D059CBBFFAA39A0861F8BCA /* [CP] Copy Pods Resources */,
			);
			buildRules = (
			);
			dependencies = (
			);
			name = MaziRecorder;
			productName = MaziRecorder;
			productReference = FCCDE1AF1D30285600E156A5 /* MaziRecorder.app */;
			productType = "com.apple.product-type.application";
		};
/* End PBXNativeTarget section */

/* Begin PBXProject section */
		FCCDE1A71D30285600E156A5 /* Project object */ = {
			isa = PBXProject;
			attributes = {
				LastSwiftUpdateCheck = 0730;
				LastUpgradeCheck = 0730;
				ORGANIZATIONNAME = "Erich Grunewald";
				TargetAttributes = {
					FCCDE1AE1D30285600E156A5 = {
						CreatedOnToolsVersion = 7.3.1;
						DevelopmentTeam = 2Q6N7GG2LM;
					};
				};
			};
			buildConfigurationList = FCCDE1AA1D30285600E156A5 /* Build configuration list for PBXProject "MaziRecorder" */;
			compatibilityVersion = "Xcode 3.2";
			developmentRegion = English;
			hasScannedForEncodings = 0;
			knownRegions = (
				en,
				Base,
			);
			mainGroup = FCCDE1A61D30285600E156A5;
			productRefGroup = FCCDE1B01D30285600E156A5 /* Products */;
			projectDirPath = "";
			projectRoot = "";
			targets = (
				FCCDE1AE1D30285600E156A5 /* MaziRecorder */,
			);
		};
/* End PBXProject section */

/* Begin PBXResourcesBuildPhase section */
		FCCDE1AD1D30285600E156A5 /* Resources */ = {
			isa = PBXResourcesBuildPhase;
			buildActionMask = 2147483647;
			files = (
				FCCDE1BD1D30285600E156A5 /* LaunchScreen.storyboard in Resources */,
				FCCDE1BA1D30285600E156A5 /* Assets.xcassets in Resources */,
				FCCDE1B81D30285600E156A5 /* Main.storyboard in Resources */,
			);
			runOnlyForDeploymentPostprocessing = 0;
		};
/* End PBXResourcesBuildPhase section */

/* Begin PBXShellScriptBuildPhase section */
		2271DB530B662B7BA2B46778 /* [CP] Embed Pods Frameworks */ = {
			isa = PBXShellScriptBuildPhase;
			buildActionMask = 2147483647;
			files = (
			);
			inputPaths = (
			);
			name = "[CP] Embed Pods Frameworks";
			outputPaths = (
			);
			runOnlyForDeploymentPostprocessing = 0;
			shellPath = /bin/sh;
			shellScript = "\"${SRCROOT}/Pods/Target Support Files/Pods-MaziRecorder/Pods-MaziRecorder-frameworks.sh\"\n";
			showEnvVarsInLog = 0;
		};
		3D059CBBFFAA39A0861F8BCA /* [CP] Copy Pods Resources */ = {
			isa = PBXShellScriptBuildPhase;
			buildActionMask = 2147483647;
			files = (
			);
			inputPaths = (
			);
			name = "[CP] Copy Pods Resources";
			outputPaths = (
			);
			runOnlyForDeploymentPostprocessing = 0;
			shellPath = /bin/sh;
			shellScript = "\"${SRCROOT}/Pods/Target Support Files/Pods-MaziRecorder/Pods-MaziRecorder-resources.sh\"\n";
			showEnvVarsInLog = 0;
		};
		4F8243D7EF26CA27ABE3098D /* [CP] Check Pods Manifest.lock */ = {
			isa = PBXShellScriptBuildPhase;
			buildActionMask = 2147483647;
			files = (
			);
			inputPaths = (
			);
			name = "[CP] Check Pods Manifest.lock";
			outputPaths = (
			);
			runOnlyForDeploymentPostprocessing = 0;
			shellPath = /bin/sh;
			shellScript = "diff \"${PODS_ROOT}/../Podfile.lock\" \"${PODS_ROOT}/Manifest.lock\" > /dev/null\nif [[ $? != 0 ]] ; then\n    cat << EOM\nerror: The sandbox is not in sync with the Podfile.lock. Run 'pod install' or update your CocoaPods installation.\nEOM\n    exit 1\nfi\n";
			showEnvVarsInLog = 0;
		};
/* End PBXShellScriptBuildPhase section */

/* Begin PBXSourcesBuildPhase section */
		FCCDE1AB1D30285600E156A5 /* Sources */ = {
			isa = PBXSourcesBuildPhase;
			buildActionMask = 2147483647;
			files = (
				49D5689C1D326A0300E99BAB /* MaziUITextView.swift in Sources */,
				496B21791D313251009EAD71 /* NetworkManager.swift in Sources */,
				49C9F9181D3042DD00CCA9B6 /* RecorderViewController.swift in Sources */,
				496B217F1D316A06009EAD71 /* StringHelpers.swift in Sources */,
				49D568981D324F5B00E99BAB /* MaziStyle.swift in Sources */,
				FCCDE1C51D3034B700E156A5 /* QuestionsListViewController.swift in Sources */,
				FCCDE1B51D30285600E156A5 /* ViewController.swift in Sources */,
				FCCDE1B31D30285600E156A5 /* AppDelegate.swift in Sources */,
				49D5689E1D3272DC00E99BAB /* MaziUIButton.swift in Sources */,
				FCCDE1CC1D30484A00E156A5 /* InterviewStore.swift in Sources */,
				FCCDE1C81D30459300E156A5 /* Interview.swift in Sources */,
				496B217C1D31414A009EAD71 /* SoundCircle.swift in Sources */,
				49D568961D3247CC00E99BAB /* MaziUITextField.swift in Sources */,
				496B21761D31195E009EAD71 /* SynopsisViewController.swift in Sources */,
				49D568A01D32750100E99BAB /* Extensions.swift in Sources */,
				FCCDE1CA1D30475200E156A5 /* Attachment.swift in Sources */,
				49D5689A1D32511400E99BAB /* MaziUILabel.swift in Sources */,
			);
			runOnlyForDeploymentPostprocessing = 0;
		};
/* End PBXSourcesBuildPhase section */

/* Begin PBXVariantGroup section */
		FCCDE1B61D30285600E156A5 /* Main.storyboard */ = {
			isa = PBXVariantGroup;
			children = (
				FCCDE1B71D30285600E156A5 /* Base */,
			);
			name = Main.storyboard;
			sourceTree = "<group>";
		};
		FCCDE1BB1D30285600E156A5 /* LaunchScreen.storyboard */ = {
			isa = PBXVariantGroup;
			children = (
				FCCDE1BC1D30285600E156A5 /* Base */,
			);
			name = LaunchScreen.storyboard;
			sourceTree = "<group>";
		};
/* End PBXVariantGroup section */

/* Begin XCBuildConfiguration section */
		FCCDE1BF1D30285600E156A5 /* Debug */ = {
			isa = XCBuildConfiguration;
			buildSettings = {
				ALWAYS_SEARCH_USER_PATHS = NO;
				CLANG_ANALYZER_NONNULL = YES;
				CLANG_CXX_LANGUAGE_STANDARD = "gnu++0x";
				CLANG_CXX_LIBRARY = "libc++";
				CLANG_ENABLE_MODULES = YES;
				CLANG_ENABLE_OBJC_ARC = YES;
				CLANG_WARN_BOOL_CONVERSION = YES;
				CLANG_WARN_CONSTANT_CONVERSION = YES;
				CLANG_WARN_DIRECT_OBJC_ISA_USAGE = YES_ERROR;
				CLANG_WARN_EMPTY_BODY = YES;
				CLANG_WARN_ENUM_CONVERSION = YES;
				CLANG_WARN_INT_CONVERSION = YES;
				CLANG_WARN_OBJC_ROOT_CLASS = YES_ERROR;
				CLANG_WARN_UNREACHABLE_CODE = YES;
				CLANG_WARN__DUPLICATE_METHOD_MATCH = YES;
				"CODE_SIGN_IDENTITY[sdk=iphoneos*]" = "iPhone Developer";
				COPY_PHASE_STRIP = NO;
				DEBUG_INFORMATION_FORMAT = dwarf;
				ENABLE_STRICT_OBJC_MSGSEND = YES;
				ENABLE_TESTABILITY = YES;
				GCC_C_LANGUAGE_STANDARD = gnu99;
				GCC_DYNAMIC_NO_PIC = NO;
				GCC_NO_COMMON_BLOCKS = YES;
				GCC_OPTIMIZATION_LEVEL = 0;
				GCC_PREPROCESSOR_DEFINITIONS = (
					"DEBUG=1",
					"$(inherited)",
				);
				GCC_WARN_64_TO_32_BIT_CONVERSION = YES;
				GCC_WARN_ABOUT_RETURN_TYPE = YES_ERROR;
				GCC_WARN_UNDECLARED_SELECTOR = YES;
				GCC_WARN_UNINITIALIZED_AUTOS = YES_AGGRESSIVE;
				GCC_WARN_UNUSED_FUNCTION = YES;
				GCC_WARN_UNUSED_VARIABLE = YES;
				IPHONEOS_DEPLOYMENT_TARGET = 9.3;
				MTL_ENABLE_DEBUG_INFO = YES;
				ONLY_ACTIVE_ARCH = YES;
				SDKROOT = iphoneos;
				SWIFT_OPTIMIZATION_LEVEL = "-Onone";
				TARGETED_DEVICE_FAMILY = 2;
			};
			name = Debug;
		};
		FCCDE1C01D30285600E156A5 /* Release */ = {
			isa = XCBuildConfiguration;
			buildSettings = {
				ALWAYS_SEARCH_USER_PATHS = NO;
				CLANG_ANALYZER_NONNULL = YES;
				CLANG_CXX_LANGUAGE_STANDARD = "gnu++0x";
				CLANG_CXX_LIBRARY = "libc++";
				CLANG_ENABLE_MODULES = YES;
				CLANG_ENABLE_OBJC_ARC = YES;
				CLANG_WARN_BOOL_CONVERSION = YES;
				CLANG_WARN_CONSTANT_CONVERSION = YES;
				CLANG_WARN_DIRECT_OBJC_ISA_USAGE = YES_ERROR;
				CLANG_WARN_EMPTY_BODY = YES;
				CLANG_WARN_ENUM_CONVERSION = YES;
				CLANG_WARN_INT_CONVERSION = YES;
				CLANG_WARN_OBJC_ROOT_CLASS = YES_ERROR;
				CLANG_WARN_UNREACHABLE_CODE = YES;
				CLANG_WARN__DUPLICATE_METHOD_MATCH = YES;
				"CODE_SIGN_IDENTITY[sdk=iphoneos*]" = "iPhone Developer";
				COPY_PHASE_STRIP = NO;
				DEBUG_INFORMATION_FORMAT = "dwarf-with-dsym";
				ENABLE_NS_ASSERTIONS = NO;
				ENABLE_STRICT_OBJC_MSGSEND = YES;
				GCC_C_LANGUAGE_STANDARD = gnu99;
				GCC_NO_COMMON_BLOCKS = YES;
				GCC_WARN_64_TO_32_BIT_CONVERSION = YES;
				GCC_WARN_ABOUT_RETURN_TYPE = YES_ERROR;
				GCC_WARN_UNDECLARED_SELECTOR = YES;
				GCC_WARN_UNINITIALIZED_AUTOS = YES_AGGRESSIVE;
				GCC_WARN_UNUSED_FUNCTION = YES;
				GCC_WARN_UNUSED_VARIABLE = YES;
				IPHONEOS_DEPLOYMENT_TARGET = 9.3;
				MTL_ENABLE_DEBUG_INFO = NO;
				SDKROOT = iphoneos;
				TARGETED_DEVICE_FAMILY = 2;
				VALIDATE_PRODUCT = YES;
			};
			name = Release;
		};
		FCCDE1C21D30285600E156A5 /* Debug */ = {
			isa = XCBuildConfiguration;
			baseConfigurationReference = 8B143F8B87290129FB0514AE /* Pods-MaziRecorder.debug.xcconfig */;
			buildSettings = {
				ASSETCATALOG_COMPILER_APPICON_NAME = AppIcon;
				CODE_SIGN_IDENTITY = "iPhone Developer";
				"CODE_SIGN_IDENTITY[sdk=iphoneos*]" = "iPhone Developer";
				INFOPLIST_FILE = MaziRecorder/Info.plist;
				IPHONEOS_DEPLOYMENT_TARGET = 8.4;
				LD_RUNPATH_SEARCH_PATHS = "$(inherited) @executable_path/Frameworks";
				PRODUCT_BUNDLE_IDENTIFIER = com.kelbraer.MaziRecorder;
				PRODUCT_NAME = "$(TARGET_NAME)";
				PROVISIONING_PROFILE = "";
				TARGETED_DEVICE_FAMILY = "1,2";
			};
			name = Debug;
		};
		FCCDE1C31D30285600E156A5 /* Release */ = {
			isa = XCBuildConfiguration;
			baseConfigurationReference = 7D9854E607C33CA6B09B37EE /* Pods-MaziRecorder.release.xcconfig */;
			buildSettings = {
				ASSETCATALOG_COMPILER_APPICON_NAME = AppIcon;
				CODE_SIGN_IDENTITY = "iPhone Developer";
				"CODE_SIGN_IDENTITY[sdk=iphoneos*]" = "iPhone Developer";
				INFOPLIST_FILE = MaziRecorder/Info.plist;
				IPHONEOS_DEPLOYMENT_TARGET = 8.4;
				LD_RUNPATH_SEARCH_PATHS = "$(inherited) @executable_path/Frameworks";
				PRODUCT_BUNDLE_IDENTIFIER = com.kelbraer.MaziRecorder;
				PRODUCT_NAME = "$(TARGET_NAME)";
				PROVISIONING_PROFILE = "";
				TARGETED_DEVICE_FAMILY = "1,2";
			};
			name = Release;
		};
/* End XCBuildConfiguration section */

/* Begin XCConfigurationList section */
		FCCDE1AA1D30285600E156A5 /* Build configuration list for PBXProject "MaziRecorder" */ = {
			isa = XCConfigurationList;
			buildConfigurations = (
				FCCDE1BF1D30285600E156A5 /* Debug */,
				FCCDE1C01D30285600E156A5 /* Release */,
			);
			defaultConfigurationIsVisible = 0;
			defaultConfigurationName = Release;
		};
		FCCDE1C11D30285600E156A5 /* Build configuration list for PBXNativeTarget "MaziRecorder" */ = {
			isa = XCConfigurationList;
			buildConfigurations = (
				FCCDE1C21D30285600E156A5 /* Debug */,
				FCCDE1C31D30285600E156A5 /* Release */,
			);
			defaultConfigurationIsVisible = 0;
			defaultConfigurationName = Release;
		};
/* End XCConfigurationList section */
	};
	rootObject = FCCDE1A71D30285600E156A5 /* Project object */;
}
